Microsoft Visual Studio Solution File, Format Version 11.00
# Visual Studio 2008

Project("{3A6E203B-484E-1C66-2C17-30E6D61585F5}") = "Net Connection", "Assembly-CSharp.csproj", "{248E8080-7C07-6A76-3E7B-3FB113ED12D5}"
EndProject
Global
	GlobalSection(SolutionConfigurationPlatforms) = preSolution
		Debug|Any CPU = Debug|Any CPU
		Release|Any CPU = Release|Any CPU
	EndGlobalSection
	GlobalSection(ProjectConfigurationPlatforms) = postSolution
		{248E8080-7C07-6A76-3E7B-3FB113ED12D5}.Debug|Any CPU.ActiveCfg = Debug|Any CPU
		{248E8080-7C07-6A76-3E7B-3FB113ED12D5}.Debug|Any CPU.Build.0 = Debug|Any CPU
		{248E8080-7C07-6A76-3E7B-3FB113ED12D5}.Release|Any CPU.ActiveCfg = Release|Any CPU
		{248E8080-7C07-6A76-3E7B-3FB113ED12D5}.Release|Any CPU.Build.0 = Release|Any CPU
	EndGlobalSection
	GlobalSection(SolutionProperties) = preSolution
		HideSolutionNode = FALSE
	EndGlobalSection
	GlobalSection(MonoDevelopProperties) = preSolution
		StartupItem = Assembly-CSharp.csproj
	EndGlobalSection
EndGlobal
